
Microsoft Visual Studio Solution File, Format Version 12.00
# Visual Studio 15
VisualStudioVersion = 15.0.26430.6
MinimumVisualStudioVersion = 10.0.40219.1
Project("{FAE04EC0-301F-11D3-BF4B-00C04F79EFBC}") = "Validator", "Validator\Validator.csproj", "{02F38D56-44AC-40BD-A0C9-65B125A64A6B}"
EndProject
Global
	GlobalSection(SolutionConfigurationPlatforms) = preSolution
		Debug|Any CPU = Debug|Any CPU
		Release|Any CPU = Release|Any CPU
	EndGlobalSection
	GlobalSection(ProjectConfigurationPlatforms) = postSolution
		{02F38D56-44AC-40BD-A0C9-65B125A64A6B}.Debug|Any CPU.ActiveCfg = Debug|Any CPU
		{02F38D56-44AC-40BD-A0C9-65B125A64A6B}.Debug|Any CPU.Build.0 = Debug|Any CPU
		{02F38D56-44AC-40BD-A0C9-65B125A64A6B}.Release|Any CPU.ActiveCfg = Release|Any CPU
		{02F38D56-44AC-40BD-A0C9-65B125A64A6B}.Release|Any CPU.Build.0 = Release|Any CPU
	EndGlobalSection
	GlobalSection(SolutionProperties) = preSolution
		HideSolutionNode = FALSE
	EndGlobalSection
EndGlobal
